// !$*UTF8*$!
{
	archiveVersion = 1;
	classes = {
	};
	objectVersion = 48;
	objects = {

/* Begin PBXBuildFile section */
		04087F301F21F0DC00401571 /* AppDelegate.m in Sources */ = {isa = PBXBuildFile; fileRef = 04087F2F1F21F0DC00401571 /* AppDelegate.m */; };
		04087F331F21F0DC00401571 /* ViewController.m in Sources */ = {isa = PBXBuildFile; fileRef = 04087F321F21F0DC00401571 /* ViewController.m */; };
		04087F361F21F0DC00401571 /* Main.storyboard in Resources */ = {isa = PBXBuildFile; fileRef = 04087F341F21F0DC00401571 /* Main.storyboard */; };
		04087F391F21F0DC00401571 /* CoreDataDemo.xcdatamodeld in Sources */ = {isa = PBXBuildFile; fileRef = 04087F371F21F0DC00401571 /* CoreDataDemo.xcdatamodeld */; };
		04087F3B1F21F0DC00401571 /* Assets.xcassets in Resources */ = {isa = PBXBuildFile; fileRef = 04087F3A1F21F0DC00401571 /* Assets.xcassets */; };
		04087F3E1F21F0DC00401571 /* LaunchScreen.storyboard in Resources */ = {isa = PBXBuildFile; fileRef = 04087F3C1F21F0DC00401571 /* LaunchScreen.storyboard */; };
		04087F411F21F0DC00401571 /* main.m in Sources */ = {isa = PBXBuildFile; fileRef = 04087F401F21F0DC00401571 /* main.m */; };
		04E6FB511F25A24C001087F1 /* AppDelegate.m in Sources */ = {isa = PBXBuildFile; fileRef = 04E6FB501F25A24C001087F1 /* AppDelegate.m */; };
		04E6FB541F25A24C001087F1 /* ViewController.m in Sources */ = {isa = PBXBuildFile; fileRef = 04E6FB531F25A24C001087F1 /* ViewController.m */; };
		04E6FB571F25A24C001087F1 /* Main.storyboard in Resources */ = {isa = PBXBuildFile; fileRef = 04E6FB551F25A24C001087F1 /* Main.storyboard */; };
		04E6FB5A1F25A24C001087F1 /* CoreDataTable.xcdatamodeld in Sources */ = {isa = PBXBuildFile; fileRef = 04E6FB581F25A24C001087F1 /* CoreDataTable.xcdatamodeld */; };
		04E6FB5C1F25A24C001087F1 /* Assets.xcassets in Resources */ = {isa = PBXBuildFile; fileRef = 04E6FB5B1F25A24C001087F1 /* Assets.xcassets */; };
		04E6FB5F1F25A24C001087F1 /* LaunchScreen.storyboard in Resources */ = {isa = PBXBuildFile; fileRef = 04E6FB5D1F25A24C001087F1 /* LaunchScreen.storyboard */; };
		04E6FB621F25A24C001087F1 /* main.m in Sources */ = {isa = PBXBuildFile; fileRef = 04E6FB611F25A24C001087F1 /* main.m */; };
		04E6FB6C1F25D4AF001087F1 /* MYCell.m in Sources */ = {isa = PBXBuildFile; fileRef = 04E6FB6A1F25D4AF001087F1 /* MYCell.m */; };
		04E6FB6D1F25D4AF001087F1 /* MYCell.xib in Resources */ = {isa = PBXBuildFile; fileRef = 04E6FB6B1F25D4AF001087F1 /* MYCell.xib */; };
		04E6FB711F25E0EA001087F1 /* ChangeVC.m in Sources */ = {isa = PBXBuildFile; fileRef = 04E6FB6F1F25E0EA001087F1 /* ChangeVC.m */; };
		04E6FB721F25E0EA001087F1 /* ChangeVC.xib in Resources */ = {isa = PBXBuildFile; fileRef = 04E6FB701F25E0EA001087F1 /* ChangeVC.xib */; };
/* End PBXBuildFile section */

/* Begin PBXFileReference section */
		04087F2B1F21F0DC00401571 /* CoreDataDemo.app */ = {isa = PBXFileReference; explicitFileType = wrapper.application; includeInIndex = 0; path = CoreDataDemo.app; sourceTree = BUILT_PRODUCTS_DIR; };
		04087F2E1F21F0DC00401571 /* AppDelegate.h */ = {isa = PBXFileReference; lastKnownFileType = sourcecode.c.h; path = AppDelegate.h; sourceTree = "<group>"; };
		04087F2F1F21F0DC00401571 /* AppDelegate.m */ = {isa = PBXFileReference; lastKnownFileType = sourcecode.c.objc; path = AppDelegate.m; sourceTree = "<group>"; };
		04087F311F21F0DC00401571 /* ViewController.h */ = {isa = PBXFileReference; lastKnownFileType = sourcecode.c.h; path = ViewController.h; sourceTree = "<group>"; };
		04087F321F21F0DC00401571 /* ViewController.m */ = {isa = PBXFileReference; lastKnownFileType = sourcecode.c.objc; path = ViewController.m; sourceTree = "<group>"; };
		04087F351F21F0DC00401571 /* Base */ = {isa = PBXFileReference; lastKnownFileType = file.storyboard; name = Base; path = Base.lproj/Main.storyboard; sourceTree = "<group>"; };
		04087F381F21F0DC00401571 /* CoreDataDemo.xcdatamodel */ = {isa = PBXFileReference; lastKnownFileType = wrapper.xcdatamodel; path = CoreDataDemo.xcdatamodel; sourceTree = "<group>"; };
		04087F3A1F21F0DC00401571 /* Assets.xcassets */ = {isa = PBXFileReference; lastKnownFileType = folder.assetcatalog; path = Assets.xcassets; sourceTree = "<group>"; };
		04087F3D1F21F0DC00401571 /* Base */ = {isa = PBXFileReference; lastKnownFileType = file.storyboard; name = Base; path = Base.lproj/LaunchScreen.storyboard; sourceTree = "<group>"; };
		04087F3F1F21F0DC00401571 /* Info.plist */ = {isa = PBXFileReference; lastKnownFileType = text.plist.xml; path = Info.plist; sourceTree = "<group>"; };
		04087F401F21F0DC00401571 /* main.m */ = {isa = PBXFileReference; lastKnownFileType = sourcecode.c.objc; path = main.m; sourceTree = "<group>"; };
		04E6FB4D1F25A24B001087F1 /* CoreDataTable.app */ = {isa = PBXFileReference; explicitFileType = wrapper.application; includeInIndex = 0; path = CoreDataTable.app; sourceTree = BUILT_PRODUCTS_DIR; };
		04E6FB4F1F25A24C001087F1 /* AppDelegate.h */ = {isa = PBXFileReference; lastKnownFileType = sourcecode.c.h; path = AppDelegate.h; sourceTree = "<group>"; };
		04E6FB501F25A24C001087F1 /* AppDelegate.m */ = {isa = PBXFileReference; lastKnownFileType = sourcecode.c.objc; path = AppDelegate.m; sourceTree = "<group>"; };
		04E6FB521F25A24C001087F1 /* ViewController.h */ = {isa = PBXFileReference; lastKnownFileType = sourcecode.c.h; path = ViewController.h; sourceTree = "<group>"; };
		04E6FB531F25A24C001087F1 /* ViewController.m */ = {isa = PBXFileReference; lastKnownFileType = sourcecode.c.objc; path = ViewController.m; sourceTree = "<group>"; };
		04E6FB561F25A24C001087F1 /* Base */ = {isa = PBXFileReference; lastKnownFileType = file.storyboard; name = Base; path = Base.lproj/Main.storyboard; sourceTree = "<group>"; };
		04E6FB591F25A24C001087F1 /* CoreDataTable.xcdatamodel */ = {isa = PBXFileReference; lastKnownFileType = wrapper.xcdatamodel; path = CoreDataTable.xcdatamodel; sourceTree = "<group>"; };
		04E6FB5B1F25A24C001087F1 /* Assets.xcassets */ = {isa = PBXFileReference; lastKnownFileType = folder.assetcatalog; path = Assets.xcassets; sourceTree = "<group>"; };
		04E6FB5E1F25A24C001087F1 /* Base */ = {isa = PBXFileReference; lastKnownFileType = file.storyboard; name = Base; path = Base.lproj/LaunchScreen.storyboard; sourceTree = "<group>"; };
		04E6FB601F25A24C001087F1 /* Info.plist */ = {isa = PBXFileReference; lastKnownFileType = text.plist.xml; path = Info.plist; sourceTree = "<group>"; };
		04E6FB611F25A24C001087F1 /* main.m */ = {isa = PBXFileReference; lastKnownFileType = sourcecode.c.objc; path = main.m; sourceTree = "<group>"; };
		04E6FB691F25D4AF001087F1 /* MYCell.h */ = {isa = PBXFileReference; lastKnownFileType = sourcecode.c.h; path = MYCell.h; sourceTree = "<group>"; };
		04E6FB6A1F25D4AF001087F1 /* MYCell.m */ = {isa = PBXFileReference; lastKnownFileType = sourcecode.c.objc; path = MYCell.m; sourceTree = "<group>"; };
		04E6FB6B1F25D4AF001087F1 /* MYCell.xib */ = {isa = PBXFileReference; lastKnownFileType = file.xib; path = MYCell.xib; sourceTree = "<group>"; };
		04E6FB6E1F25E0EA001087F1 /* ChangeVC.h */ = {isa = PBXFileReference; lastKnownFileType = sourcecode.c.h; path = ChangeVC.h; sourceTree = "<group>"; };
		04E6FB6F1F25E0EA001087F1 /* ChangeVC.m */ = {isa = PBXFileReference; lastKnownFileType = sourcecode.c.objc; path = ChangeVC.m; sourceTree = "<group>"; };
		04E6FB701F25E0EA001087F1 /* ChangeVC.xib */ = {isa = PBXFileReference; lastKnownFileType = file.xib; path = ChangeVC.xib; sourceTree = "<group>"; };
/* End PBXFileReference section */

/* Begin PBXFrameworksBuildPhase section */
		04087F281F21F0DC00401571 /* Frameworks */ = {
			isa = PBXFrameworksBuildPhase;
			buildActionMask = 2147483647;
			files = (
			);
			runOnlyForDeploymentPostprocessing = 0;
		};
		04E6FB4A1F25A24B001087F1 /* Frameworks */ = {
			isa = PBXFrameworksBuildPhase;
			buildActionMask = 2147483647;
			files = (
			);
			runOnlyForDeploymentPostprocessing = 0;
		};
/* End PBXFrameworksBuildPhase section */

/* Begin PBXGroup section */
		04087F221F21F0DC00401571 = {
			isa = PBXGroup;
			children = (
				04087F2D1F21F0DC00401571 /* CoreDataDemo */,
				04E6FB4E1F25A24C001087F1 /* CoreDataTable */,
				04087F2C1F21F0DC00401571 /* Products */,
			);
			sourceTree = "<group>";
		};
		04087F2C1F21F0DC00401571 /* Products */ = {
			isa = PBXGroup;
			children = (
				04087F2B1F21F0DC00401571 /* CoreDataDemo.app */,
				04E6FB4D1F25A24B001087F1 /* CoreDataTable.app */,
			);
			name = Products;
			sourceTree = "<group>";
		};
		04087F2D1F21F0DC00401571 /* CoreDataDemo */ = {
			isa = PBXGroup;
			children = (
				04087F2E1F21F0DC00401571 /* AppDelegate.h */,
				04087F2F1F21F0DC00401571 /* AppDelegate.m */,
				04087F311F21F0DC00401571 /* ViewController.h */,
				04087F321F21F0DC00401571 /* ViewController.m */,
				04087F341F21F0DC00401571 /* Main.storyboard */,
				04087F3A1F21F0DC00401571 /* Assets.xcassets */,
				04087F3C1F21F0DC00401571 /* LaunchScreen.storyboard */,
				04087F3F1F21F0DC00401571 /* Info.plist */,
				04087F401F21F0DC00401571 /* main.m */,
				04087F371F21F0DC00401571 /* CoreDataDemo.xcdatamodeld */,
			);
			path = CoreDataDemo;
			sourceTree = "<group>";
		};
		04E6FB4E1F25A24C001087F1 /* CoreDataTable */ = {
			isa = PBXGroup;
			children = (
				04E6FB4F1F25A24C001087F1 /* AppDelegate.h */,
				04E6FB501F25A24C001087F1 /* AppDelegate.m */,
				04E6FB521F25A24C001087F1 /* ViewController.h */,
				04E6FB531F25A24C001087F1 /* ViewController.m */,
				04E6FB691F25D4AF001087F1 /* MYCell.h */,
				04E6FB6A1F25D4AF001087F1 /* MYCell.m */,
				04E6FB6B1F25D4AF001087F1 /* MYCell.xib */,
				04E6FB6E1F25E0EA001087F1 /* ChangeVC.h */,
				04E6FB6F1F25E0EA001087F1 /* ChangeVC.m */,
				04E6FB701F25E0EA001087F1 /* ChangeVC.xib */,
				04E6FB551F25A24C001087F1 /* Main.storyboard */,
				04E6FB5B1F25A24C001087F1 /* Assets.xcassets */,
				04E6FB5D1F25A24C001087F1 /* LaunchScreen.storyboard */,
				04E6FB601F25A24C001087F1 /* Info.plist */,
				04E6FB611F25A24C001087F1 /* main.m */,
				04E6FB581F25A24C001087F1 /* CoreDataTable.xcdatamodeld */,
			);
			path = CoreDataTable;
			sourceTree = "<group>";
		};
/* End PBXGroup section */

/* Begin PBXNativeTarget section */
		04087F2A1F21F0DC00401571 /* CoreDataDemo */ = {
			isa = PBXNativeTarget;
			buildConfigurationList = 04087F441F21F0DC00401571 /* Build configuration list for PBXNativeTarget "CoreDataDemo" */;
			buildPhases = (
				04087F271F21F0DC00401571 /* Sources */,
				04087F281F21F0DC00401571 /* Frameworks */,
				04087F291F21F0DC00401571 /* Resources */,
			);
			buildRules = (
			);
			dependencies = (
			);
			name = CoreDataDemo;
			productName = CoreDataDemo;
			productReference = 04087F2B1F21F0DC00401571 /* CoreDataDemo.app */;
			productType = "com.apple.product-type.application";
		};
		04E6FB4C1F25A24B001087F1 /* CoreDataTable */ = {
			isa = PBXNativeTarget;
			buildConfigurationList = 04E6FB651F25A24C001087F1 /* Build configuration list for PBXNativeTarget "CoreDataTable" */;
			buildPhases = (
				04E6FB491F25A24B001087F1 /* Sources */,
				04E6FB4A1F25A24B001087F1 /* Frameworks */,
				04E6FB4B1F25A24B001087F1 /* Resources */,
			);
			buildRules = (
			);
			dependencies = (
			);
			name = CoreDataTable;
			productName = CoreDataTable;
			productReference = 04E6FB4D1F25A24B001087F1 /* CoreDataTable.app */;
			productType = "com.apple.product-type.application";
		};
/* End PBXNativeTarget section */

/* Begin PBXProject section */
		04087F231F21F0DC00401571 /* Project object */ = {
			isa = PBXProject;
			attributes = {
				LastUpgradeCheck = 0900;
				ORGANIZATIONNAME = LG;
				TargetAttributes = {
					04087F2A1F21F0DC00401571 = {
						CreatedOnToolsVersion = 9.0;
					};
					04E6FB4C1F25A24B001087F1 = {
						CreatedOnToolsVersion = 9.0;
					};
				};
			};
			buildConfigurationList = 04087F261F21F0DC00401571 /* Build configuration list for PBXProject "CoreDataDemo" */;
			compatibilityVersion = "Xcode 8.0";
			developmentRegion = en;
			hasScannedForEncodings = 0;
			knownRegions = (
				en,
				Base,
			);
			mainGroup = 04087F221F21F0DC00401571;
			productRefGroup = 04087F2C1F21F0DC00401571 /* Products */;
			projectDirPath = "";
			projectRoot = "";
			targets = (
				04087F2A1F21F0DC00401571 /* CoreDataDemo */,
				04E6FB4C1F25A24B001087F1 /* CoreDataTable */,
			);
		};
/* End PBXProject section */

/* Begin PBXResourcesBuildPhase section */
		04087F291F21F0DC00401571 /* Resources */ = {
			isa = PBXResourcesBuildPhase;
			buildActionMask = 2147483647;
			files = (
				04087F3E1F21F0DC00401571 /* LaunchScreen.storyboard in Resources */,
				04087F3B1F21F0DC00401571 /* Assets.xcassets in Resources */,
				04087F361F21F0DC00401571 /* Main.storyboard in Resources */,
			);
			runOnlyForDeploymentPostprocessing = 0;
		};
		04E6FB4B1F25A24B001087F1 /* Resources */ = {
			isa = PBXResourcesBuildPhase;
			buildActionMask = 2147483647;
			files = (
				04E6FB5F1F25A24C001087F1 /* LaunchScreen.storyboard in Resources */,
				04E6FB6D1F25D4AF001087F1 /* MYCell.xib in Resources */,
				04E6FB5C1F25A24C001087F1 /* Assets.xcassets in Resources */,
				04E6FB571F25A24C001087F1 /* Main.storyboard in Resources */,
				04E6FB721F25E0EA001087F1 /* ChangeVC.xib in Resources */,
			);
			runOnlyForDeploymentPostprocessing = 0;
		};
/* End PBXResourcesBuildPhase section */

/* Begin PBXSourcesBuildPhase section */
		04087F271F21F0DC00401571 /* Sources */ = {
			isa = PBXSourcesBuildPhase;
			buildActionMask = 2147483647;
			files = (
				04087F331F21F0DC00401571 /* ViewController.m in Sources */,
				04087F391F21F0DC00401571 /* CoreDataDemo.xcdatamodeld in Sources */,
				04087F411F21F0DC00401571 /* main.m in Sources */,
				04087F301F21F0DC00401571 /* AppDelegate.m in Sources */,
			);
			runOnlyForDeploymentPostprocessing = 0;
		};
		04E6FB491F25A24B001087F1 /* Sources */ = {
			isa = PBXSourcesBuildPhase;
			buildActionMask = 2147483647;
			files = (
				04E6FB541F25A24C001087F1 /* ViewController.m in Sources */,
				04E6FB5A1F25A24C001087F1 /* CoreDataTable.xcdatamodeld in Sources */,
				04E6FB621F25A24C001087F1 /* main.m in Sources */,
				04E6FB6C1F25D4AF001087F1 /* MYCell.m in Sources */,
				04E6FB711F25E0EA001087F1 /* ChangeVC.m in Sources */,
				04E6FB511F25A24C001087F1 /* AppDelegate.m in Sources */,
			);
			runOnlyForDeploymentPostprocessing = 0;
		};
/* End PBXSourcesBuildPhase section */

/* Begin PBXVariantGroup section */
		04087F341F21F0DC00401571 /* Main.storyboard */ = {
			isa = PBXVariantGroup;
			children = (
				04087F351F21F0DC00401571 /* Base */,
			);
			name = Main.storyboard;
			sourceTree = "<group>";
		};
		04087F3C1F21F0DC00401571 /* LaunchScreen.storyboard */ = {
			isa = PBXVariantGroup;
			children = (
				04087F3D1F21F0DC00401571 /* Base */,
			);
			name = LaunchScreen.storyboard;
			sourceTree = "<group>";
		};
		04E6FB551F25A24C001087F1 /* Main.storyboard */ = {
			isa = PBXVariantGroup;
			children = (
				04E6FB561F25A24C001087F1 /* Base */,
			);
			name = Main.storyboard;
			sourceTree = "<group>";
		};
		04E6FB5D1F25A24C001087F1 /* LaunchScreen.storyboard */ = {
			isa = PBXVariantGroup;
			children = (
				04E6FB5E1F25A24C001087F1 /* Base */,
			);
			name = LaunchScreen.storyboard;
			sourceTree = "<group>";
		};
/* End PBXVariantGroup section */

/* Begin XCBuildConfiguration section */
		04087F421F21F0DC00401571 /* Debug */ = {
			isa = XCBuildConfiguration;
			buildSettings = {
				ALWAYS_SEARCH_USER_PATHS = NO;
				CLANG_ANALYZER_NONNULL = YES;
				CLANG_ANALYZER_NUMBER_OBJECT_CONVERSION = YES_AGGRESSIVE;
				CLANG_CXX_LANGUAGE_STANDARD = "gnu++14";
				CLANG_CXX_LIBRARY = "libc++";
				CLANG_ENABLE_MODULES = YES;
				CLANG_ENABLE_OBJC_ARC = YES;
				CLANG_WARN_BLOCK_CAPTURE_AUTORELEASING = YES;
				CLANG_WARN_BOOL_CONVERSION = YES;
				CLANG_WARN_COMMA = YES;
				CLANG_WARN_CONSTANT_CONVERSION = YES;
				CLANG_WARN_DIRECT_OBJC_ISA_USAGE = YES_ERROR;
				CLANG_WARN_DOCUMENTATION_COMMENTS = YES;
				CLANG_WARN_EMPTY_BODY = YES;
				CLANG_WARN_ENUM_CONVERSION = YES;
				CLANG_WARN_INFINITE_RECURSION = YES;
				CLANG_WARN_INT_CONVERSION = YES;
				CLANG_WARN_OBJC_ROOT_CLASS = YES_ERROR;
				CLANG_WARN_RANGE_LOOP_ANALYSIS = YES;
				CLANG_WARN_STRICT_PROTOTYPES = YES;
				CLANG_WARN_SUSPICIOUS_MOVE = YES;
				CLANG_WARN_UNGUARDED_AVAILABILITY = YES_AGGRESSIVE;
				CLANG_WARN_UNREACHABLE_CODE = YES;
				CLANG_WARN__DUPLICATE_METHOD_MATCH = YES;
				CODE_SIGN_IDENTITY = "iPhone Developer";
				COPY_PHASE_STRIP = NO;
				DEBUG_INFORMATION_FORMAT = dwarf;
				ENABLE_STRICT_OBJC_MSGSEND = YES;
				ENABLE_TESTABILITY = YES;
				GCC_C_LANGUAGE_STANDARD = gnu11;
				GCC_DYNAMIC_NO_PIC = NO;
				GCC_NO_COMMON_BLOCKS = YES;
				GCC_OPTIMIZATION_LEVEL = 0;
				GCC_PREPROCESSOR_DEFINITIONS = (
					"DEBUG=1",
					"$(inherited)",
				);
				GCC_WARN_64_TO_32_BIT_CONVERSION = YES;
				GCC_WARN_ABOUT_RETURN_TYPE = YES_ERROR;
				GCC_WARN_UNDECLARED_SELECTOR = YES;
				GCC_WARN_UNINITIALIZED_AUTOS = YES_AGGRESSIVE;
				GCC_WARN_UNUSED_FUNCTION = YES;
				GCC_WARN_UNUSED_VARIABLE = YES;
				IPHONEOS_DEPLOYMENT_TARGET = 11.0;
				MTL_ENABLE_DEBUG_INFO = YES;
				ONLY_ACTIVE_ARCH = YES;
				SDKROOT = iphoneos;
			};
			name = Debug;
		};
		04087F431F21F0DC00401571 /* Release */ = {
			isa = XCBuildConfiguration;
			buildSettings = {
				ALWAYS_SEARCH_USER_PATHS = NO;
				CLANG_ANALYZER_NONNULL = YES;
				CLANG_ANALYZER_NUMBER_OBJECT_CONVERSION = YES_AGGRESSIVE;
				CLANG_CXX_LANGUAGE_STANDARD = "gnu++14";
				CLANG_CXX_LIBRARY = "libc++";
				CLANG_ENABLE_MODULES = YES;
				CLANG_ENABLE_OBJC_ARC = YES;
				CLANG_WARN_BLOCK_CAPTURE_AUTORELEASING = YES;
				CLANG_WARN_BOOL_CONVERSION = YES;
				CLANG_WARN_COMMA = YES;
				CLANG_WARN_CONSTANT_CONVERSION = YES;
				CLANG_WARN_DIRECT_OBJC_ISA_USAGE = YES_ERROR;
				CLANG_WARN_DOCUMENTATION_COMMENTS = YES;
				CLANG_WARN_EMPTY_BODY = YES;
				CLANG_WARN_ENUM_CONVERSION = YES;
				CLANG_WARN_INFINITE_RECURSION = YES;
				CLANG_WARN_INT_CONVERSION = YES;
				CLANG_WARN_OBJC_ROOT_CLASS = YES_ERROR;
				CLANG_WARN_RANGE_LOOP_ANALYSIS = YES;
				CLANG_WARN_STRICT_PROTOTYPES = YES;
				CLANG_WARN_SUSPICIOUS_MOVE = YES;
				CLANG_WARN_UNGUARDED_AVAILABILITY = YES_AGGRESSIVE;
				CLANG_WARN_UNREACHABLE_CODE = YES;
				CLANG_WARN__DUPLICATE_METHOD_MATCH = YES;
				CODE_SIGN_IDENTITY = "iPhone Developer";
				COPY_PHASE_STRIP = NO;
				DEBUG_INFORMATION_FORMAT = "dwarf-with-dsym";
				ENABLE_NS_ASSERTIONS = NO;
				ENABLE_STRICT_OBJC_MSGSEND = YES;
				GCC_C_LANGUAGE_STANDARD = gnu11;
				GCC_NO_COMMON_BLOCKS = YES;
				GCC_WARN_64_TO_32_BIT_CONVERSION = YES;
				GCC_WARN_ABOUT_RETURN_TYPE = YES_ERROR;
				GCC_WARN_UNDECLARED_SELECTOR = YES;
				GCC_WARN_UNINITIALIZED_AUTOS = YES_AGGRESSIVE;
				GCC_WARN_UNUSED_FUNCTION = YES;
				GCC_WARN_UNUSED_VARIABLE = YES;
				IPHONEOS_DEPLOYMENT_TARGET = 11.0;
				MTL_ENABLE_DEBUG_INFO = NO;
				SDKROOT = iphoneos;
				VALIDATE_PRODUCT = YES;
			};
			name = Release;
		};
		04087F451F21F0DC00401571 /* Debug */ = {
			isa = XCBuildConfiguration;
			buildSettings = {
				ASSETCATALOG_COMPILER_APPICON_NAME = AppIcon;
				DEVELOPMENT_TEAM = JKP4G35J39;
				INFOPLIST_FILE = CoreDataDemo/Info.plist;
				IPHONEOS_DEPLOYMENT_TARGET = 10.3;
				LD_RUNPATH_SEARCH_PATHS = "$(inherited) @executable_path/Frameworks";
				PRODUCT_BUNDLE_IDENTIFIER = Mars.CoreDataDemo;
				PRODUCT_NAME = "$(TARGET_NAME)";
				TARGETED_DEVICE_FAMILY = "1,2";
			};
			name = Debug;
		};
		04087F461F21F0DC00401571 /* Release */ = {
			isa = XCBuildConfiguration;
			buildSettings = {
				ASSETCATALOG_COMPILER_APPICON_NAME = AppIcon;
				DEVELOPMENT_TEAM = JKP4G35J39;
				INFOPLIST_FILE = CoreDataDemo/Info.plist;
				IPHONEOS_DEPLOYMENT_TARGET = 10.3;
				LD_RUNPATH_SEARCH_PATHS = "$(inherited) @executable_path/Frameworks";
				PRODUCT_BUNDLE_IDENTIFIER = Mars.CoreDataDemo;
				PRODUCT_NAME = "$(TARGET_NAME)";
				TARGETED_DEVICE_FAMILY = "1,2";
			};
			name = Release;
		};
		04E6FB631F25A24C001087F1 /* Debug */ = {
			isa = XCBuildConfiguration;
			buildSettings = {
				ASSETCATALOG_COMPILER_APPICON_NAME = AppIcon;
				DEVELOPMENT_TEAM = JKP4G35J39;
				INFOPLIST_FILE = CoreDataTable/Info.plist;
				LD_RUNPATH_SEARCH_PATHS = "$(inherited) @executable_path/Frameworks";
				PRODUCT_BUNDLE_IDENTIFIER = Mars.CoreDataTable;
				PRODUCT_NAME = "$(TARGET_NAME)";
				TARGETED_DEVICE_FAMILY = "1,2";
			};
			name = Debug;
		};
		04E6FB641F25A24C001087F1 /* Release */ = {
			isa = XCBuildConfiguration;
			buildSettings = {
				ASSETCATALOG_COMPILER_APPICON_NAME = AppIcon;
				DEVELOPMENT_TEAM = JKP4G35J39;
				INFOPLIST_FILE = CoreDataTable/Info.plist;
				LD_RUNPATH_SEARCH_PATHS = "$(inherited) @executable_path/Frameworks";
				PRODUCT_BUNDLE_IDENTIFIER = Mars.CoreDataTable;
				PRODUCT_NAME = "$(TARGET_NAME)";
				TARGETED_DEVICE_FAMILY = "1,2";
			};
			name = Release;
		};
/* End XCBuildConfiguration section */

/* Begin XCConfigurationList section */
		04087F261F21F0DC00401571 /* Build configuration list for PBXProject "CoreDataDemo" */ = {
			isa = XCConfigurationList;
			buildConfigurations = (
				04087F421F21F0DC00401571 /* Debug */,
				04087F431F21F0DC00401571 /* Release */,
			);
			defaultConfigurationIsVisible = 0;
			defaultConfigurationName = Release;
		};
		04087F441F21F0DC00401571 /* Build configuration list for PBXNativeTarget "CoreDataDemo" */ = {
			isa = XCConfigurationList;
			buildConfigurations = (
				04087F451F21F0DC00401571 /* Debug */,
				04087F461F21F0DC00401571 /* Release */,
			);
			defaultConfigurationIsVisible = 0;
			defaultConfigurationName = Release;
		};
		04E6FB651F25A24C001087F1 /* Build configuration list for PBXNativeTarget "CoreDataTable" */ = {
			isa = XCConfigurationList;
			buildConfigurations = (
				04E6FB631F25A24C001087F1 /* Debug */,
				04E6FB641F25A24C001087F1 /* Release */,
			);
			defaultConfigurationIsVisible = 0;
		};
/* End XCConfigurationList section */

/* Begin XCVersionGroup section */
		04087F371F21F0DC00401571 /* CoreDataDemo.xcdatamodeld */ = {
			isa = XCVersionGroup;
			children = (
				04087F381F21F0DC00401571 /* CoreDataDemo.xcdatamodel */,
			);
			currentVersion = 04087F381F21F0DC00401571 /* CoreDataDemo.xcdatamodel */;
			path = CoreDataDemo.xcdatamodeld;
			sourceTree = "<group>";
			versionGroupType = wrapper.xcdatamodel;
		};
		04E6FB581F25A24C001087F1 /* CoreDataTable.xcdatamodeld */ = {
			isa = XCVersionGroup;
			children = (
				04E6FB591F25A24C001087F1 /* CoreDataTable.xcdatamodel */,
			);
			currentVersion = 04E6FB591F25A24C001087F1 /* CoreDataTable.xcdatamodel */;
			path = CoreDataTable.xcdatamodeld;
			sourceTree = "<group>";
			versionGroupType = wrapper.xcdatamodel;
		};
/* End XCVersionGroup section */
	};
	rootObject = 04087F231F21F0DC00401571 /* Project object */;
}
