// !$*UTF8*$!
{
	archiveVersion = 1;
	classes = {
	};
	objectVersion = 48;
	objects = {

/* Begin PBXBuildFile section */
		04911EFC1F39ADFE0047EFBF /* AppDelegate.m in Sources */ = {isa = PBXBuildFile; fileRef = 04911EFB1F39ADFE0047EFBF /* AppDelegate.m */; };
		04911EFF1F39ADFE0047EFBF /* ViewController.m in Sources */ = {isa = PBXBuildFile; fileRef = 04911EFE1F39ADFE0047EFBF /* ViewController.m */; };
		04911F021F39ADFE0047EFBF /* Main.storyboard in Resources */ = {isa = PBXBuildFile; fileRef = 04911F001F39ADFE0047EFBF /* Main.storyboard */; };
		04911F041F39ADFE0047EFBF /* Assets.xcassets in Resources */ = {isa = PBXBuildFile; fileRef = 04911F031F39ADFE0047EFBF /* Assets.xcassets */; };
		04911F071F39ADFE0047EFBF /* LaunchScreen.storyboard in Resources */ = {isa = PBXBuildFile; fileRef = 04911F051F39ADFE0047EFBF /* LaunchScreen.storyboard */; };
		04911F0A1F39ADFE0047EFBF /* main.m in Sources */ = {isa = PBXBuildFile; fileRef = 04911F091F39ADFE0047EFBF /* main.m */; };
		0EEE661431BAAC3218D8C431 /* libPods-FMDB.a in Frameworks */ = {isa = PBXBuildFile; fileRef = 199A3A8C42ADC483154D69F3 /* libPods-FMDB.a */; };
/* End PBXBuildFile section */

/* Begin PBXFileReference section */
		04911EF71F39ADFE0047EFBF /* FMDB.app */ = {isa = PBXFileReference; explicitFileType = wrapper.application; includeInIndex = 0; path = FMDB.app; sourceTree = BUILT_PRODUCTS_DIR; };
		04911EFA1F39ADFE0047EFBF /* AppDelegate.h */ = {isa = PBXFileReference; lastKnownFileType = sourcecode.c.h; path = AppDelegate.h; sourceTree = "<group>"; };
		04911EFB1F39ADFE0047EFBF /* AppDelegate.m */ = {isa = PBXFileReference; lastKnownFileType = sourcecode.c.objc; path = AppDelegate.m; sourceTree = "<group>"; };
		04911EFD1F39ADFE0047EFBF /* ViewController.h */ = {isa = PBXFileReference; lastKnownFileType = sourcecode.c.h; path = ViewController.h; sourceTree = "<group>"; };
		04911EFE1F39ADFE0047EFBF /* ViewController.m */ = {isa = PBXFileReference; lastKnownFileType = sourcecode.c.objc; path = ViewController.m; sourceTree = "<group>"; };
		04911F011F39ADFE0047EFBF /* Base */ = {isa = PBXFileReference; lastKnownFileType = file.storyboard; name = Base; path = Base.lproj/Main.storyboard; sourceTree = "<group>"; };
		04911F031F39ADFE0047EFBF /* Assets.xcassets */ = {isa = PBXFileReference; lastKnownFileType = folder.assetcatalog; path = Assets.xcassets; sourceTree = "<group>"; };
		04911F061F39ADFE0047EFBF /* Base */ = {isa = PBXFileReference; lastKnownFileType = file.storyboard; name = Base; path = Base.lproj/LaunchScreen.storyboard; sourceTree = "<group>"; };
		04911F081F39ADFE0047EFBF /* Info.plist */ = {isa = PBXFileReference; lastKnownFileType = text.plist.xml; path = Info.plist; sourceTree = "<group>"; };
		04911F091F39ADFE0047EFBF /* main.m */ = {isa = PBXFileReference; lastKnownFileType = sourcecode.c.objc; path = main.m; sourceTree = "<group>"; };
		1865AE3FC46DA7F355428762 /* Pods-FMDB.debug.xcconfig */ = {isa = PBXFileReference; includeInIndex = 1; lastKnownFileType = text.xcconfig; name = "Pods-FMDB.debug.xcconfig"; path = "Pods/Target Support Files/Pods-FMDB/Pods-FMDB.debug.xcconfig"; sourceTree = "<group>"; };
		199A3A8C42ADC483154D69F3 /* libPods-FMDB.a */ = {isa = PBXFileReference; explicitFileType = archive.ar; includeInIndex = 0; path = "libPods-FMDB.a"; sourceTree = BUILT_PRODUCTS_DIR; };
		6EA314AD585883E391A24910 /* Pods-FMDB.release.xcconfig */ = {isa = PBXFileReference; includeInIndex = 1; lastKnownFileType = text.xcconfig; name = "Pods-FMDB.release.xcconfig"; path = "Pods/Target Support Files/Pods-FMDB/Pods-FMDB.release.xcconfig"; sourceTree = "<group>"; };
/* End PBXFileReference section */

/* Begin PBXFrameworksBuildPhase section */
		04911EF41F39ADFE0047EFBF /* Frameworks */ = {
			isa = PBXFrameworksBuildPhase;
			buildActionMask = 2147483647;
			files = (
				0EEE661431BAAC3218D8C431 /* libPods-FMDB.a in Frameworks */,
			);
			runOnlyForDeploymentPostprocessing = 0;
		};
/* End PBXFrameworksBuildPhase section */

/* Begin PBXGroup section */
		04911EEE1F39ADFE0047EFBF = {
			isa = PBXGroup;
			children = (
				04911EF91F39ADFE0047EFBF /* FMDB */,
				04911EF81F39ADFE0047EFBF /* Products */,
				AFD405C6E2DA51C62C95EAA2 /* Pods */,
				173F84BB3659C75D073B6FCD /* Frameworks */,
			);
			sourceTree = "<group>";
		};
		04911EF81F39ADFE0047EFBF /* Products */ = {
			isa = PBXGroup;
			children = (
				04911EF71F39ADFE0047EFBF /* FMDB.app */,
			);
			name = Products;
			sourceTree = "<group>";
		};
		04911EF91F39ADFE0047EFBF /* FMDB */ = {
			isa = PBXGroup;
			children = (
				04911EFA1F39ADFE0047EFBF /* AppDelegate.h */,
				04911EFB1F39ADFE0047EFBF /* AppDelegate.m */,
				04911EFD1F39ADFE0047EFBF /* ViewController.h */,
				04911EFE1F39ADFE0047EFBF /* ViewController.m */,
				04911F001F39ADFE0047EFBF /* Main.storyboard */,
				04911F031F39ADFE0047EFBF /* Assets.xcassets */,
				04911F051F39ADFE0047EFBF /* LaunchScreen.storyboard */,
				04911F081F39ADFE0047EFBF /* Info.plist */,
				04911F091F39ADFE0047EFBF /* main.m */,
			);
			path = FMDB;
			sourceTree = "<group>";
		};
		173F84BB3659C75D073B6FCD /* Frameworks */ = {
			isa = PBXGroup;
			children = (
				199A3A8C42ADC483154D69F3 /* libPods-FMDB.a */,
			);
			name = Frameworks;
			sourceTree = "<group>";
		};
		AFD405C6E2DA51C62C95EAA2 /* Pods */ = {
			isa = PBXGroup;
			children = (
				1865AE3FC46DA7F355428762 /* Pods-FMDB.debug.xcconfig */,
				6EA314AD585883E391A24910 /* Pods-FMDB.release.xcconfig */,
			);
			name = Pods;
			sourceTree = "<group>";
		};
/* End PBXGroup section */

/* Begin PBXNativeTarget section */
		04911EF61F39ADFE0047EFBF /* FMDB */ = {
			isa = PBXNativeTarget;
			buildConfigurationList = 04911F0D1F39ADFE0047EFBF /* Build configuration list for PBXNativeTarget "FMDB" */;
			buildPhases = (
				24873CAC1349C281DE47DBAE /* [CP] Check Pods Manifest.lock */,
				04911EF31F39ADFE0047EFBF /* Sources */,
				04911EF41F39ADFE0047EFBF /* Frameworks */,
				04911EF51F39ADFE0047EFBF /* Resources */,
				5E72F75FF8F0564F46DA30AB /* [CP] Embed Pods Frameworks */,
				C745184C9C970DEA64B12289 /* [CP] Copy Pods Resources */,
			);
			buildRules = (
			);
			dependencies = (
			);
			name = FMDB;
			productName = FMDB;
			productReference = 04911EF71F39ADFE0047EFBF /* FMDB.app */;
			productType = "com.apple.product-type.application";
		};
/* End PBXNativeTarget section */

/* Begin PBXProject section */
		04911EEF1F39ADFE0047EFBF /* Project object */ = {
			isa = PBXProject;
			attributes = {
				LastUpgradeCheck = 0900;
				ORGANIZATIONNAME = LG;
				TargetAttributes = {
					04911EF61F39ADFE0047EFBF = {
						CreatedOnToolsVersion = 9.0;
					};
				};
			};
			buildConfigurationList = 04911EF21F39ADFE0047EFBF /* Build configuration list for PBXProject "FMDB" */;
			compatibilityVersion = "Xcode 8.0";
			developmentRegion = en;
			hasScannedForEncodings = 0;
			knownRegions = (
				en,
				Base,
			);
			mainGroup = 04911EEE1F39ADFE0047EFBF;
			productRefGroup = 04911EF81F39ADFE0047EFBF /* Products */;
			projectDirPath = "";
			projectRoot = "";
			targets = (
				04911EF61F39ADFE0047EFBF /* FMDB */,
			);
		};
/* End PBXProject section */

/* Begin PBXResourcesBuildPhase section */
		04911EF51F39ADFE0047EFBF /* Resources */ = {
			isa = PBXResourcesBuildPhase;
			buildActionMask = 2147483647;
			files = (
				04911F071F39ADFE0047EFBF /* LaunchScreen.storyboard in Resources */,
				04911F041F39ADFE0047EFBF /* Assets.xcassets in Resources */,
				04911F021F39ADFE0047EFBF /* Main.storyboard in Resources */,
			);
			runOnlyForDeploymentPostprocessing = 0;
		};
/* End PBXResourcesBuildPhase section */

/* Begin PBXShellScriptBuildPhase section */
		24873CAC1349C281DE47DBAE /* [CP] Check Pods Manifest.lock */ = {
			isa = PBXShellScriptBuildPhase;
			buildActionMask = 2147483647;
			files = (
			);
			inputPaths = (
				"${PODS_PODFILE_DIR_PATH}/Podfile.lock",
				"${PODS_ROOT}/Manifest.lock",
			);
			name = "[CP] Check Pods Manifest.lock";
			outputPaths = (
				"$(DERIVED_FILE_DIR)/Pods-FMDB-checkManifestLockResult.txt",
			);
			runOnlyForDeploymentPostprocessing = 0;
			shellPath = /bin/sh;
			shellScript = "diff \"${PODS_PODFILE_DIR_PATH}/Podfile.lock\" \"${PODS_ROOT}/Manifest.lock\" > /dev/null\nif [ $? != 0 ] ; then\n    # print error to STDERR\n    echo \"error: The sandbox is not in sync with the Podfile.lock. Run 'pod install' or update your CocoaPods installation.\" >&2\n    exit 1\nfi\n# This output is used by Xcode 'outputs' to avoid re-running this script phase.\necho \"SUCCESS\" > \"${SCRIPT_OUTPUT_FILE_0}\"\n";
			showEnvVarsInLog = 0;
		};
		5E72F75FF8F0564F46DA30AB /* [CP] Embed Pods Frameworks */ = {
			isa = PBXShellScriptBuildPhase;
			buildActionMask = 2147483647;
			files = (
			);
			inputPaths = (
			);
			name = "[CP] Embed Pods Frameworks";
			outputPaths = (
			);
			runOnlyForDeploymentPostprocessing = 0;
			shellPath = /bin/sh;
			shellScript = "\"${SRCROOT}/Pods/Target Support Files/Pods-FMDB/Pods-FMDB-frameworks.sh\"\n";
			showEnvVarsInLog = 0;
		};
		C745184C9C970DEA64B12289 /* [CP] Copy Pods Resources */ = {
			isa = PBXShellScriptBuildPhase;
			buildActionMask = 2147483647;
			files = (
			);
			inputPaths = (
			);
			name = "[CP] Copy Pods Resources";
			outputPaths = (
			);
			runOnlyForDeploymentPostprocessing = 0;
			shellPath = /bin/sh;
			shellScript = "\"${SRCROOT}/Pods/Target Support Files/Pods-FMDB/Pods-FMDB-resources.sh\"\n";
			showEnvVarsInLog = 0;
		};
/* End PBXShellScriptBuildPhase section */

/* Begin PBXSourcesBuildPhase section */
		04911EF31F39ADFE0047EFBF /* Sources */ = {
			isa = PBXSourcesBuildPhase;
			buildActionMask = 2147483647;
			files = (
				04911EFF1F39ADFE0047EFBF /* ViewController.m in Sources */,
				04911F0A1F39ADFE0047EFBF /* main.m in Sources */,
				04911EFC1F39ADFE0047EFBF /* AppDelegate.m in Sources */,
			);
			runOnlyForDeploymentPostprocessing = 0;
		};
/* End PBXSourcesBuildPhase section */

/* Begin PBXVariantGroup section */
		04911F001F39ADFE0047EFBF /* Main.storyboard */ = {
			isa = PBXVariantGroup;
			children = (
				04911F011F39ADFE0047EFBF /* Base */,
			);
			name = Main.storyboard;
			sourceTree = "<group>";
		};
		04911F051F39ADFE0047EFBF /* LaunchScreen.storyboard */ = {
			isa = PBXVariantGroup;
			children = (
				04911F061F39ADFE0047EFBF /* Base */,
			);
			name = LaunchScreen.storyboard;
			sourceTree = "<group>";
		};
/* End PBXVariantGroup section */

/* Begin XCBuildConfiguration section */
		04911F0B1F39ADFE0047EFBF /* Debug */ = {
			isa = XCBuildConfiguration;
			buildSettings = {
				ALWAYS_SEARCH_USER_PATHS = NO;
				CLANG_ANALYZER_NONNULL = YES;
				CLANG_ANALYZER_NUMBER_OBJECT_CONVERSION = YES_AGGRESSIVE;
				CLANG_CXX_LANGUAGE_STANDARD = "gnu++14";
				CLANG_CXX_LIBRARY = "libc++";
				CLANG_ENABLE_MODULES = YES;
				CLANG_ENABLE_OBJC_ARC = YES;
				CLANG_WARN_BLOCK_CAPTURE_AUTORELEASING = YES;
				CLANG_WARN_BOOL_CONVERSION = YES;
				CLANG_WARN_COMMA = YES;
				CLANG_WARN_CONSTANT_CONVERSION = YES;
				CLANG_WARN_DIRECT_OBJC_ISA_USAGE = YES_ERROR;
				CLANG_WARN_DOCUMENTATION_COMMENTS = YES;
				CLANG_WARN_EMPTY_BODY = YES;
				CLANG_WARN_ENUM_CONVERSION = YES;
				CLANG_WARN_INFINITE_RECURSION = YES;
				CLANG_WARN_INT_CONVERSION = YES;
				CLANG_WARN_NON_LITERAL_NULL_CONVERSION = YES;
				CLANG_WARN_OBJC_LITERAL_CONVERSION = YES;
				CLANG_WARN_OBJC_ROOT_CLASS = YES_ERROR;
				CLANG_WARN_RANGE_LOOP_ANALYSIS = YES;
				CLANG_WARN_STRICT_PROTOTYPES = YES;
				CLANG_WARN_SUSPICIOUS_MOVE = YES;
				CLANG_WARN_UNGUARDED_AVAILABILITY = YES_AGGRESSIVE;
				CLANG_WARN_UNREACHABLE_CODE = YES;
				CLANG_WARN__DUPLICATE_METHOD_MATCH = YES;
				CODE_SIGN_IDENTITY = "iPhone Developer";
				COPY_PHASE_STRIP = NO;
				DEBUG_INFORMATION_FORMAT = dwarf;
				ENABLE_STRICT_OBJC_MSGSEND = YES;
				ENABLE_TESTABILITY = YES;
				GCC_C_LANGUAGE_STANDARD = gnu11;
				GCC_DYNAMIC_NO_PIC = NO;
				GCC_NO_COMMON_BLOCKS = YES;
				GCC_OPTIMIZATION_LEVEL = 0;
				GCC_PREPROCESSOR_DEFINITIONS = (
					"DEBUG=1",
					"$(inherited)",
				);
				GCC_WARN_64_TO_32_BIT_CONVERSION = YES;
				GCC_WARN_ABOUT_RETURN_TYPE = YES_ERROR;
				GCC_WARN_UNDECLARED_SELECTOR = YES;
				GCC_WARN_UNINITIALIZED_AUTOS = YES_AGGRESSIVE;
				GCC_WARN_UNUSED_FUNCTION = YES;
				GCC_WARN_UNUSED_VARIABLE = YES;
				IPHONEOS_DEPLOYMENT_TARGET = 11.0;
				MTL_ENABLE_DEBUG_INFO = YES;
				ONLY_ACTIVE_ARCH = YES;
				SDKROOT = iphoneos;
			};
			name = Debug;
		};
		04911F0C1F39ADFE0047EFBF /* Release */ = {
			isa = XCBuildConfiguration;
			buildSettings = {
				ALWAYS_SEARCH_USER_PATHS = NO;
				CLANG_ANALYZER_NONNULL = YES;
				CLANG_ANALYZER_NUMBER_OBJECT_CONVERSION = YES_AGGRESSIVE;
				CLANG_CXX_LANGUAGE_STANDARD = "gnu++14";
				CLANG_CXX_LIBRARY = "libc++";
				CLANG_ENABLE_MODULES = YES;
				CLANG_ENABLE_OBJC_ARC = YES;
				CLANG_WARN_BLOCK_CAPTURE_AUTORELEASING = YES;
				CLANG_WARN_BOOL_CONVERSION = YES;
				CLANG_WARN_COMMA = YES;
				CLANG_WARN_CONSTANT_CONVERSION = YES;
				CLANG_WARN_DIRECT_OBJC_ISA_USAGE = YES_ERROR;
				CLANG_WARN_DOCUMENTATION_COMMENTS = YES;
				CLANG_WARN_EMPTY_BODY = YES;
				CLANG_WARN_ENUM_CONVERSION = YES;
				CLANG_WARN_INFINITE_RECURSION = YES;
				CLANG_WARN_INT_CONVERSION = YES;
				CLANG_WARN_NON_LITERAL_NULL_CONVERSION = YES;
				CLANG_WARN_OBJC_LITERAL_CONVERSION = YES;
				CLANG_WARN_OBJC_ROOT_CLASS = YES_ERROR;
				CLANG_WARN_RANGE_LOOP_ANALYSIS = YES;
				CLANG_WARN_STRICT_PROTOTYPES = YES;
				CLANG_WARN_SUSPICIOUS_MOVE = YES;
				CLANG_WARN_UNGUARDED_AVAILABILITY = YES_AGGRESSIVE;
				CLANG_WARN_UNREACHABLE_CODE = YES;
				CLANG_WARN__DUPLICATE_METHOD_MATCH = YES;
				CODE_SIGN_IDENTITY = "iPhone Developer";
				COPY_PHASE_STRIP = NO;
				DEBUG_INFORMATION_FORMAT = "dwarf-with-dsym";
				ENABLE_NS_ASSERTIONS = NO;
				ENABLE_STRICT_OBJC_MSGSEND = YES;
				GCC_C_LANGUAGE_STANDARD = gnu11;
				GCC_NO_COMMON_BLOCKS = YES;
				GCC_WARN_64_TO_32_BIT_CONVERSION = YES;
				GCC_WARN_ABOUT_RETURN_TYPE = YES_ERROR;
				GCC_WARN_UNDECLARED_SELECTOR = YES;
				GCC_WARN_UNINITIALIZED_AUTOS = YES_AGGRESSIVE;
				GCC_WARN_UNUSED_FUNCTION = YES;
				GCC_WARN_UNUSED_VARIABLE = YES;
				IPHONEOS_DEPLOYMENT_TARGET = 11.0;
				MTL_ENABLE_DEBUG_INFO = NO;
				SDKROOT = iphoneos;
				VALIDATE_PRODUCT = YES;
			};
			name = Release;
		};
		04911F0E1F39ADFE0047EFBF /* Debug */ = {
			isa = XCBuildConfiguration;
			baseConfigurationReference = 1865AE3FC46DA7F355428762 /* Pods-FMDB.debug.xcconfig */;
			buildSettings = {
				ASSETCATALOG_COMPILER_APPICON_NAME = AppIcon;
				DEVELOPMENT_TEAM = 96LBVKMT33;
				INFOPLIST_FILE = FMDB/Info.plist;
				LD_RUNPATH_SEARCH_PATHS = "$(inherited) @executable_path/Frameworks";
				PRODUCT_BUNDLE_IDENTIFIER = Mars.FMDB;
				PRODUCT_NAME = "$(TARGET_NAME)";
				TARGETED_DEVICE_FAMILY = "1,2";
			};
			name = Debug;
		};
		04911F0F1F39ADFE0047EFBF /* Release */ = {
			isa = XCBuildConfiguration;
			baseConfigurationReference = 6EA314AD585883E391A24910 /* Pods-FMDB.release.xcconfig */;
			buildSettings = {
				ASSETCATALOG_COMPILER_APPICON_NAME = AppIcon;
				DEVELOPMENT_TEAM = 96LBVKMT33;
				INFOPLIST_FILE = FMDB/Info.plist;
				LD_RUNPATH_SEARCH_PATHS = "$(inherited) @executable_path/Frameworks";
				PRODUCT_BUNDLE_IDENTIFIER = Mars.FMDB;
				PRODUCT_NAME = "$(TARGET_NAME)";
				TARGETED_DEVICE_FAMILY = "1,2";
			};
			name = Release;
		};
/* End XCBuildConfiguration section */

/* Begin XCConfigurationList section */
		04911EF21F39ADFE0047EFBF /* Build configuration list for PBXProject "FMDB" */ = {
			isa = XCConfigurationList;
			buildConfigurations = (
				04911F0B1F39ADFE0047EFBF /* Debug */,
				04911F0C1F39ADFE0047EFBF /* Release */,
			);
			defaultConfigurationIsVisible = 0;
			defaultConfigurationName = Release;
		};
		04911F0D1F39ADFE0047EFBF /* Build configuration list for PBXNativeTarget "FMDB" */ = {
			isa = XCConfigurationList;
			buildConfigurations = (
				04911F0E1F39ADFE0047EFBF /* Debug */,
				04911F0F1F39ADFE0047EFBF /* Release */,
			);
			defaultConfigurationIsVisible = 0;
			defaultConfigurationName = Release;
		};
/* End XCConfigurationList section */
	};
	rootObject = 04911EEF1F39ADFE0047EFBF /* Project object */;
}
